
Microsoft Visual Studio Solution File, Format Version 12.00
# Visual Studio Version 16
VisualStudioVersion = 16.0.31410.357
MinimumVisualStudioVersion = 10.0.40219.1
Project("{8BC9CEB8-8B4A-11D0-8D11-00A0C91BC942}") = "通訊錄管理系統", "通訊錄管理系統\通訊錄管理系統.vcxproj", "{9506F9DC-90C0-426C-A092-E126B932D728}"
EndProject
Global
	GlobalSection(SolutionConfigurationPlatforms) = preSolution
		Debug|x64 = Debug|x64
		Debug|x86 = Debug|x86
		Release|x64 = Release|x64
		Release|x86 = Release|x86
	EndGlobalSection
	GlobalSection(ProjectConfigurationPlatforms) = postSolution
		{9506F9DC-90C0-426C-A092-E126B932D728}.Debug|x64.ActiveCfg = Debug|x64
		{9506F9DC-90C0-426C-A092-E126B932D728}.Debug|x64.Build.0 = Debug|x64
		{9506F9DC-90C0-426C-A092-E126B932D728}.Debug|x86.ActiveCfg = Debug|Win32
		{9506F9DC-90C0-426C-A092-E126B932D728}.Debug|x86.Build.0 = Debug|Win32
		{9506F9DC-90C0-426C-A092-E126B932D728}.Release|x64.ActiveCfg = Release|x64
		{9506F9DC-90C0-426C-A092-E126B932D728}.Release|x64.Build.0 = Release|x64
		{9506F9DC-90C0-426C-A092-E126B932D728}.Release|x86.ActiveCfg = Release|Win32
		{9506F9DC-90C0-426C-A092-E126B932D728}.Release|x86.Build.0 = Release|Win32
	EndGlobalSection
	GlobalSection(SolutionProperties) = preSolution
		HideSolutionNode = FALSE
	EndGlobalSection
	GlobalSection(ExtensibilityGlobals) = postSolution
		SolutionGuid = {984EBB0E-1A59-482B-9117-990B2602E5F4}
	EndGlobalSection
EndGlobal
